
Microsoft Visual Studio Solution File, Format Version 12.00
# Visual Studio 15
VisualStudioVersion = 15.0.27130.2027
MinimumVisualStudioVersion = 10.0.40219.1
Project("{FAE04EC0-301F-11D3-BF4B-00C04F79EFBC}") = "ImpostoRenda", "TesteHabilidade\ImpostoRenda.csproj", "{16CB6383-E7B2-4C2C-A253-41C4AEE89171}"
EndProject
Project("{FAE04EC0-301F-11D3-BF4B-00C04F79EFBC}") = "ImpostoRendaTeste", "ImpostoRendaTeste\ImpostoRendaTeste.csproj", "{79896392-44D7-490C-9879-EAD42E24FF2E}"
EndProject
Project("{FAE04EC0-301F-11D3-BF4B-00C04F79EFBC}") = "Dominio", "Dominio2\Dominio.csproj", "{717ACFBB-E4EB-4F5C-8D75-AD11D9D3E09F}"
EndProject
Project("{FAE04EC0-301F-11D3-BF4B-00C04F79EFBC}") = "Negocio", "Negocio\Negocio.csproj", "{91140CE7-DC19-4874-93CB-851512BF6533}"
EndProject
Global
	GlobalSection(SolutionConfigurationPlatforms) = preSolution
		Debug|Any CPU = Debug|Any CPU
		Release|Any CPU = Release|Any CPU
	EndGlobalSection
	GlobalSection(ProjectConfigurationPlatforms) = postSolution
		{16CB6383-E7B2-4C2C-A253-41C4AEE89171}.Debug|Any CPU.ActiveCfg = Debug|Any CPU
		{16CB6383-E7B2-4C2C-A253-41C4AEE89171}.Debug|Any CPU.Build.0 = Debug|Any CPU
		{16CB6383-E7B2-4C2C-A253-41C4AEE89171}.Release|Any CPU.ActiveCfg = Release|Any CPU
		{16CB6383-E7B2-4C2C-A253-41C4AEE89171}.Release|Any CPU.Build.0 = Release|Any CPU
		{79896392-44D7-490C-9879-EAD42E24FF2E}.Debug|Any CPU.ActiveCfg = Debug|Any CPU
		{79896392-44D7-490C-9879-EAD42E24FF2E}.Debug|Any CPU.Build.0 = Debug|Any CPU
		{79896392-44D7-490C-9879-EAD42E24FF2E}.Release|Any CPU.ActiveCfg = Release|Any CPU
		{79896392-44D7-490C-9879-EAD42E24FF2E}.Release|Any CPU.Build.0 = Release|Any CPU
		{717ACFBB-E4EB-4F5C-8D75-AD11D9D3E09F}.Debug|Any CPU.ActiveCfg = Debug|Any CPU
		{717ACFBB-E4EB-4F5C-8D75-AD11D9D3E09F}.Debug|Any CPU.Build.0 = Debug|Any CPU
		{717ACFBB-E4EB-4F5C-8D75-AD11D9D3E09F}.Release|Any CPU.ActiveCfg = Release|Any CPU
		{717ACFBB-E4EB-4F5C-8D75-AD11D9D3E09F}.Release|Any CPU.Build.0 = Release|Any CPU
		{91140CE7-DC19-4874-93CB-851512BF6533}.Debug|Any CPU.ActiveCfg = Debug|Any CPU
		{91140CE7-DC19-4874-93CB-851512BF6533}.Debug|Any CPU.Build.0 = Debug|Any CPU
		{91140CE7-DC19-4874-93CB-851512BF6533}.Release|Any CPU.ActiveCfg = Release|Any CPU
		{91140CE7-DC19-4874-93CB-851512BF6533}.Release|Any CPU.Build.0 = Release|Any CPU
	EndGlobalSection
	GlobalSection(SolutionProperties) = preSolution
		HideSolutionNode = FALSE
	EndGlobalSection
	GlobalSection(ExtensibilityGlobals) = postSolution
		SolutionGuid = {7E0749B5-7E92-4441-9173-66DCD8A83564}
	EndGlobalSection
EndGlobal
